<?xml version="1.0" encoding="UTF-8" standalone="yes" ?>
<CodeBlocks_project_file>
	<FileVersion major="1" minor="6" />
	<Project>
		<Option title="hex" />
		<Option pch_mode="2" />
		<Option compiler="mingw_qt_53" />
		<Build>
			<Target title="Release">
				<Option output="hex_r" prefix_auto="1" extension_auto="1" />
				<Option object_output="obj\Release\" />
				<Option type="1" />
				<Option compiler="mingw_qt_53" />
				<Compiler>
					<Add option="-march=prescott" />
					<Add option="-O3" />
					<Add option="-save-temps=obj" />
				</Compiler>
				<Linker>
					<Add option="-s" />
				</Linker>
			</Target>
			<Target title="Debug">
				<Option output="hex_d" prefix_auto="1" extension_auto="1" />
				<Option object_output="obj\Debug\" />
				<Option type="1" />
				<Option compiler="mingw_qt_53" />
				<Compiler>
					<Add option="-g" />
					<Add option="-DDEBUG" />
				</Compiler>
			</Target>
		</Build>
		<Compiler>
			<Add option="-march=prescott" />
			<Add option="-std=c++0x" />
			<Add option="-std=c++98" />
			<Add option="-std=c++11" />
			<Add option="-fno-exceptions" />
			<Add directory="C:\Qt5.3.0\5.3\mingw482_32\include" />
			<Add directory="C:\Qt5.3.0\5.3\mingw482_32\include\QtCore" />
			<Add directory="C:\Qt5.3.0\5.3\mingw482_32\include\QtGui" />
			<Add directory="C:\Qt5.3.0\5.3\mingw482_32\include\QtOpenGL" />
			<Add directory="C:\Qt5.3.0\5.3\mingw482_32\include\QtWidgets" />
			<Add directory="..\panzer_ogl_lib" />
		</Compiler>
		<Linker>
			<Add library="C:\Program Files\CodeBlocks10\MinGW\lib\libopengl32.a" />
			<Add library="libQt5Core" />
			<Add library="libQt5Gui" />
			<Add library="libQt5OpenGL" />
			<Add library="libQt5Widgets" />
			<Add directory="C:\Qt5.3.0\5.3\mingw482_32\lib" />
		</Linker>
		<Unit filename="src\block.cpp" />
		<Unit filename="src\block.hpp" />
		<Unit filename="src\block_collision.cpp" />
		<Unit filename="src\block_collision.hpp" />
		<Unit filename="src\chunk.cpp" />
		<Unit filename="src\chunk.hpp" />
		<Unit filename="src\chunk_loader.cpp" />
		<Unit filename="src\chunk_loader.hpp" />
		<Unit filename="src\chunk_phys_mesh.cpp" />
		<Unit filename="src\chunk_phys_mesh.hpp" />
		<Unit filename="src\console.cpp" />
		<Unit filename="src\console.hpp" />
		<Unit filename="src\fwd.hpp" />
		<Unit filename="src\hex-logo.ico" />
		<Unit filename="src\hex.hpp" />
		<Unit filename="src\main.cpp" />
		<Unit filename="src\main_loop.cpp" />
		<Unit filename="src\main_loop.hpp" />
		<Unit filename="src\math_lib\allocation_free_list.hpp" />
		<Unit filename="src\math_lib\allocation_free_set.hpp" />
		<Unit filename="src\math_lib\assert.hpp" />
		<Unit filename="src\math_lib\collection.hpp" />
		<Unit filename="src\math_lib\m_math.cpp" />
		<Unit filename="src\math_lib\m_math.h" />
		<Unit filename="src\math_lib\rand.cpp" />
		<Unit filename="src\math_lib\rand.h" />
		<Unit filename="src\math_lib\small_objects_allocator.hpp" />
		<Unit filename="src\moc\moc_main_loop.cpp" />
		<Unit filename="src\player.cpp" />
		<Unit filename="src\player.hpp" />
		<Unit filename="src\renderer\chunk_data_cache.cpp" />
		<Unit filename="src\renderer\chunk_data_cache.hpp" />
		<Unit filename="src\renderer\chunk_info.cpp" />
		<Unit filename="src\renderer\chunk_info.hpp" />
		<Unit filename="src\renderer\i_world_renderer.hpp" />
		<Unit filename="src\renderer\img_utils.cpp" />
		<Unit filename="src\renderer\img_utils.hpp" />
		<Unit filename="src\renderer\rendering_constants.hpp" />
		<Unit filename="src\renderer\text.cpp" />
		<Unit filename="src\renderer\text.hpp" />
		<Unit filename="src\renderer\texture_manager.cpp" />
		<Unit filename="src\renderer\texture_manager.hpp" />
		<Unit filename="src\renderer\weather_effects_particle_manager.cpp" />
		<Unit filename="src\renderer\weather_effects_particle_manager.hpp" />
		<Unit filename="src\renderer\world_renderer.cpp" />
		<Unit filename="src\renderer\world_renderer.hpp" />
		<Unit filename="src\renderer\wvb.cpp" />
		<Unit filename="src\renderer\wvb.hpp" />
		<Unit filename="src\settings.cpp" />
		<Unit filename="src\settings.hpp" />
		<Unit filename="src\settings_keys.cpp" />
		<Unit filename="src\settings_keys.hpp" />
		<Unit filename="src\ticks_counter.cpp" />
		<Unit filename="src\ticks_counter.hpp" />
		<Unit filename="src\ui\main_menu.cpp" />
		<Unit filename="src\ui\main_menu.hpp" />
		<Unit filename="src\ui\ui_base_classes.cpp" />
		<Unit filename="src\ui\ui_base_classes.hpp" />
		<Unit filename="src\ui\ui_painter.cpp" />
		<Unit filename="src\ui\ui_painter.hpp" />
		<Unit filename="src\world.cpp" />
		<Unit filename="src\world.hpp" />
		<Unit filename="src\world_action.hpp" />
		<Unit filename="src\world_lighting.cpp" />
		<Unit filename="src\world_loading.cpp" />
		<Unit filename="src\world_loading.hpp" />
		<Unit filename="..\panzer_ogl_lib\framebuffer.cpp" />
		<Unit filename="..\panzer_ogl_lib\framebuffer.hpp" />
		<Unit filename="..\panzer_ogl_lib\framebuffer_texture.cpp" />
		<Unit filename="..\panzer_ogl_lib\framebuffer_texture.hpp" />
		<Unit filename="..\panzer_ogl_lib\func_addresses.cpp" />
		<Unit filename="..\panzer_ogl_lib\func_declarations.hpp" />
		<Unit filename="..\panzer_ogl_lib\glsl_program.cpp" />
		<Unit filename="..\panzer_ogl_lib\glsl_program.hpp" />
		<Unit filename="..\panzer_ogl_lib\matrix.cpp" />
		<Unit filename="..\panzer_ogl_lib\matrix.hpp" />
		<Unit filename="..\panzer_ogl_lib\ogl_state_manager.cpp" />
		<Unit filename="..\panzer_ogl_lib\ogl_state_manager.hpp" />
		<Unit filename="..\panzer_ogl_lib\panzer_ogl_lib.hpp" />
		<Unit filename="..\panzer_ogl_lib\polygon_buffer.cpp" />
		<Unit filename="..\panzer_ogl_lib\polygon_buffer.hpp" />
		<Unit filename="..\panzer_ogl_lib\vec.hpp" />
		<Extensions>
			<code_completion />
			<debugger />
			<envvars />
		</Extensions>
	</Project>
</CodeBlocks_project_file>
